
Microsoft Visual Studio Solution File, Format Version 12.00
# Visual Studio 15
VisualStudioVersion = 15.0.27428.2015
MinimumVisualStudioVersion = 10.0.40219.1
Project("{FAE04EC0-301F-11D3-BF4B-00C04F79EFBC}") = "xmlToWord", "xmlToWord\xmlToWord.csproj", "{4C6D9228-A2F0-43F7-B610-7ABC832AE635}"
EndProject
Global
	GlobalSection(SolutionConfigurationPlatforms) = preSolution
		Debug|Any CPU = Debug|Any CPU
		Release|Any CPU = Release|Any CPU
	EndGlobalSection
	GlobalSection(ProjectConfigurationPlatforms) = postSolution
		{4C6D9228-A2F0-43F7-B610-7ABC832AE635}.Debug|Any CPU.ActiveCfg = Debug|Any CPU
		{4C6D9228-A2F0-43F7-B610-7ABC832AE635}.Debug|Any CPU.Build.0 = Debug|Any CPU
		{4C6D9228-A2F0-43F7-B610-7ABC832AE635}.Release|Any CPU.ActiveCfg = Release|Any CPU
		{4C6D9228-A2F0-43F7-B610-7ABC832AE635}.Release|Any CPU.Build.0 = Release|Any CPU
	EndGlobalSection
	GlobalSection(SolutionProperties) = preSolution
		HideSolutionNode = FALSE
	EndGlobalSection
	GlobalSection(ExtensibilityGlobals) = postSolution
		SolutionGuid = {B3144BC5-8E9C-43C3-8088-37C425C56F3A}
	EndGlobalSection
EndGlobal
